
Microsoft Visual Studio Solution File, Format Version 12.00
# Visual Studio 15
VisualStudioVersion = 15.0.26430.15
MinimumVisualStudioVersion = 10.0.40219.1
Project("{FAE04EC0-301F-11D3-BF4B-00C04F79EFBC}") = "SharePointBot", "SharePointBot\SharePointBot.csproj", "{C9D38D65-441E-4973-AF0F-27CFBE773903}"
EndProject
Project("{FAE04EC0-301F-11D3-BF4B-00C04F79EFBC}") = "SharePointBot.UnitTests", "SharePointBot.UnitTests\SharePointBot.UnitTests.csproj", "{D8452AEE-4EA2-47CA-987D-1CEEA4F51F6C}"
EndProject
Project("{2150E333-8FDC-42A3-9474-1A3956D46DE8}") = "Solution Items", "Solution Items", "{BDFBECC0-1C96-4784-AD41-FE6C4466A66D}"
	ProjectSection(SolutionItems) = preProject
		README.md = README.md
	EndProjectSection
EndProject
Project("{FAE04EC0-301F-11D3-BF4B-00C04F79EFBC}") = "BotAuth", "BotAuth\BotAuth.csproj", "{54162CB7-BBEC-4C8C-B7A9-70144556E3E5}"
EndProject
Project("{FAE04EC0-301F-11D3-BF4B-00C04F79EFBC}") = "BotAuth.AADv1", "BotAuth.AADv1\BotAuth.AADv1.csproj", "{29703F87-6DA1-4ABF-9EEB-F39D1839244F}"
EndProject
Global
	GlobalSection(SolutionConfigurationPlatforms) = preSolution
		Debug|Any CPU = Debug|Any CPU
		Release|Any CPU = Release|Any CPU
	EndGlobalSection
	GlobalSection(ProjectConfigurationPlatforms) = postSolution
		{C9D38D65-441E-4973-AF0F-27CFBE773903}.Debug|Any CPU.ActiveCfg = Debug|Any CPU
		{C9D38D65-441E-4973-AF0F-27CFBE773903}.Debug|Any CPU.Build.0 = Debug|Any CPU
		{C9D38D65-441E-4973-AF0F-27CFBE773903}.Release|Any CPU.ActiveCfg = Release|Any CPU
		{C9D38D65-441E-4973-AF0F-27CFBE773903}.Release|Any CPU.Build.0 = Release|Any CPU
		{D8452AEE-4EA2-47CA-987D-1CEEA4F51F6C}.Debug|Any CPU.ActiveCfg = Debug|Any CPU
		{D8452AEE-4EA2-47CA-987D-1CEEA4F51F6C}.Debug|Any CPU.Build.0 = Debug|Any CPU
		{D8452AEE-4EA2-47CA-987D-1CEEA4F51F6C}.Release|Any CPU.ActiveCfg = Release|Any CPU
		{D8452AEE-4EA2-47CA-987D-1CEEA4F51F6C}.Release|Any CPU.Build.0 = Release|Any CPU
		{54162CB7-BBEC-4C8C-B7A9-70144556E3E5}.Debug|Any CPU.ActiveCfg = Debug|Any CPU
		{54162CB7-BBEC-4C8C-B7A9-70144556E3E5}.Debug|Any CPU.Build.0 = Debug|Any CPU
		{54162CB7-BBEC-4C8C-B7A9-70144556E3E5}.Release|Any CPU.ActiveCfg = Release|Any CPU
		{54162CB7-BBEC-4C8C-B7A9-70144556E3E5}.Release|Any CPU.Build.0 = Release|Any CPU
		{29703F87-6DA1-4ABF-9EEB-F39D1839244F}.Debug|Any CPU.ActiveCfg = Debug|Any CPU
		{29703F87-6DA1-4ABF-9EEB-F39D1839244F}.Debug|Any CPU.Build.0 = Debug|Any CPU
		{29703F87-6DA1-4ABF-9EEB-F39D1839244F}.Release|Any CPU.ActiveCfg = Release|Any CPU
		{29703F87-6DA1-4ABF-9EEB-F39D1839244F}.Release|Any CPU.Build.0 = Release|Any CPU
	EndGlobalSection
	GlobalSection(SolutionProperties) = preSolution
		HideSolutionNode = FALSE
	EndGlobalSection
EndGlobal
